
Microsoft Visual Studio Solution File, Format Version 12.00
# Visual Studio Version 17
VisualStudioVersion = 17.14.37314.3
MinimumVisualStudioVersion = 10.0.40219.1
Project("{2150E333-8FDC-42A3-9474-1A3956D46DE8}") = "gateway", "gateway", "{02EA681E-C7D8-13C7-8484-4AC65E1B71E8}"
EndProject
Project("{2150E333-8FDC-42A3-9474-1A3956D46DE8}") = "services", "services", "{4DB81EA6-39EC-444F-92E1-CE14F9162691}"
EndProject
Project("{2150E333-8FDC-42A3-9474-1A3956D46DE8}") = "tests", "tests", "{E4D3DE95-088C-4474-A157-8F32D078352B}"
EndProject
Project("{2150E333-8FDC-42A3-9474-1A3956D46DE8}") = "Authorization", "Authorization", "{039D6F6C-C879-441B-8EC3-678A9002AB0A}"
EndProject
Project("{2150E333-8FDC-42A3-9474-1A3956D46DE8}") = "Authorization.API", "Authorization.API", "{46F1F8C7-4BB9-463A-B5D4-4DF28799A827}"
EndProject
Project("{2150E333-8FDC-42A3-9474-1A3956D46DE8}") = "Authorization.Application", "Authorization.Application", "{EAF24705-AEE9-4673-BE11-9B16FC675000}"
EndProject
Project("{2150E333-8FDC-42A3-9474-1A3956D46DE8}") = "Authorization.Domain", "Authorization.Domain", "{C32AB22A-6416-41D7-8D7F-DFBEDE4E4478}"
EndProject
Project("{2150E333-8FDC-42A3-9474-1A3956D46DE8}") = "Authorization.Infrastructure", "Authorization.Infrastructure", "{7016872B-4936-42E1-8AAB-EF5F26573C47}"
EndProject
Project("{2150E333-8FDC-42A3-9474-1A3956D46DE8}") = "Authorization.Domain.UnitTests", "Authorization.Domain.UnitTests", "{D12359CE-B7E3-478E-B378-36CCB18D7F1F}"
EndProject
Project("{FAE04EC0-301F-11D3-BF4B-00C04F79EFBC}") = "Authorization.Domain.UnitTests", "tests\Authorization.Domain.UnitTests\Authorization.Domain.UnitTests\Authorization.Domain.UnitTests.csproj", "{590F1F0A-7A5A-9F3A-4B47-9D5320991324}"
EndProject
Project("{FAE04EC0-301F-11D3-BF4B-00C04F79EFBC}") = "Authorization", "services\Authorization\Authorization\Authorization.csproj", "{AE32F101-448D-6FDD-F5EF-B761958A9A00}"
EndProject
Project("{FAE04EC0-301F-11D3-BF4B-00C04F79EFBC}") = "Authorization.Application", "services\Authorization\Authorization.Application\Authorization.Application.csproj", "{5E373E37-5AC6-8D79-9D9A-F730D5172A05}"
EndProject
Project("{FAE04EC0-301F-11D3-BF4B-00C04F79EFBC}") = "Authorization.Domain", "services\Authorization\Authorization.Domain\Authorization.Domain.csproj", "{A5E6B16D-4C86-80C7-D8B5-6CCC89DB2DE0}"
EndProject
Project("{FAE04EC0-301F-11D3-BF4B-00C04F79EFBC}") = "Authorization.Infrastructure", "services\Authorization\Authorization.Infrastructure\Authorization.Infrastructure.csproj", "{B84E81A0-95A4-8832-4EA2-ABECB3CF7E17}"
EndProject
Global
	GlobalSection(SolutionConfigurationPlatforms) = preSolution
		Debug|Any CPU = Debug|Any CPU
		Release|Any CPU = Release|Any CPU
	EndGlobalSection
	GlobalSection(ProjectConfigurationPlatforms) = postSolution
		{590F1F0A-7A5A-9F3A-4B47-9D5320991324}.Debug|Any CPU.ActiveCfg = Debug|Any CPU
		{590F1F0A-7A5A-9F3A-4B47-9D5320991324}.Debug|Any CPU.Build.0 = Debug|Any CPU
		{590F1F0A-7A5A-9F3A-4B47-9D5320991324}.Release|Any CPU.ActiveCfg = Release|Any CPU
		{590F1F0A-7A5A-9F3A-4B47-9D5320991324}.Release|Any CPU.Build.0 = Release|Any CPU
		{AE32F101-448D-6FDD-F5EF-B761958A9A00}.Debug|Any CPU.ActiveCfg = Debug|Any CPU
		{AE32F101-448D-6FDD-F5EF-B761958A9A00}.Debug|Any CPU.Build.0 = Debug|Any CPU
		{AE32F101-448D-6FDD-F5EF-B761958A9A00}.Release|Any CPU.ActiveCfg = Release|Any CPU
		{AE32F101-448D-6FDD-F5EF-B761958A9A00}.Release|Any CPU.Build.0 = Release|Any CPU
		{5E373E37-5AC6-8D79-9D9A-F730D5172A05}.Debug|Any CPU.ActiveCfg = Debug|Any CPU
		{5E373E37-5AC6-8D79-9D9A-F730D5172A05}.Debug|Any CPU.Build.0 = Debug|Any CPU
		{5E373E37-5AC6-8D79-9D9A-F730D5172A05}.Release|Any CPU.ActiveCfg = Release|Any CPU
		{5E373E37-5AC6-8D79-9D9A-F730D5172A05}.Release|Any CPU.Build.0 = Release|Any CPU
		{A5E6B16D-4C86-80C7-D8B5-6CCC89DB2DE0}.Debug|Any CPU.ActiveCfg = Debug|Any CPU
		{A5E6B16D-4C86-80C7-D8B5-6CCC89DB2DE0}.Debug|Any CPU.Build.0 = Debug|Any CPU
		{A5E6B16D-4C86-80C7-D8B5-6CCC89DB2DE0}.Release|Any CPU.ActiveCfg = Release|Any CPU
		{A5E6B16D-4C86-80C7-D8B5-6CCC89DB2DE0}.Release|Any CPU.Build.0 = Release|Any CPU
		{B84E81A0-95A4-8832-4EA2-ABECB3CF7E17}.Debug|Any CPU.ActiveCfg = Debug|Any CPU
		{B84E81A0-95A4-8832-4EA2-ABECB3CF7E17}.Debug|Any CPU.Build.0 = Debug|Any CPU
		{B84E81A0-95A4-8832-4EA2-ABECB3CF7E17}.Release|Any CPU.ActiveCfg = Release|Any CPU
		{B84E81A0-95A4-8832-4EA2-ABECB3CF7E17}.Release|Any CPU.Build.0 = Release|Any CPU
	EndGlobalSection
	GlobalSection(SolutionProperties) = preSolution
		HideSolutionNode = FALSE
	EndGlobalSection
	GlobalSection(NestedProjects) = preSolution
		{039D6F6C-C879-441B-8EC3-678A9002AB0A} = {4DB81EA6-39EC-444F-92E1-CE14F9162691}
		{46F1F8C7-4BB9-463A-B5D4-4DF28799A827} = {039D6F6C-C879-441B-8EC3-678A9002AB0A}
		{EAF24705-AEE9-4673-BE11-9B16FC675000} = {039D6F6C-C879-441B-8EC3-678A9002AB0A}
		{C32AB22A-6416-41D7-8D7F-DFBEDE4E4478} = {039D6F6C-C879-441B-8EC3-678A9002AB0A}
		{7016872B-4936-42E1-8AAB-EF5F26573C47} = {039D6F6C-C879-441B-8EC3-678A9002AB0A}
		{D12359CE-B7E3-478E-B378-36CCB18D7F1F} = {E4D3DE95-088C-4474-A157-8F32D078352B}
		{590F1F0A-7A5A-9F3A-4B47-9D5320991324} = {D12359CE-B7E3-478E-B378-36CCB18D7F1F}
		{AE32F101-448D-6FDD-F5EF-B761958A9A00} = {46F1F8C7-4BB9-463A-B5D4-4DF28799A827}
		{5E373E37-5AC6-8D79-9D9A-F730D5172A05} = {EAF24705-AEE9-4673-BE11-9B16FC675000}
		{A5E6B16D-4C86-80C7-D8B5-6CCC89DB2DE0} = {C32AB22A-6416-41D7-8D7F-DFBEDE4E4478}
		{B84E81A0-95A4-8832-4EA2-ABECB3CF7E17} = {7016872B-4936-42E1-8AAB-EF5F26573C47}
	EndGlobalSection
	GlobalSection(ExtensibilityGlobals) = postSolution
		SolutionGuid = {A7D22FCE-3F07-4AE1-BAE5-06F33885626A}
	EndGlobalSection
EndGlobal
