
Microsoft Visual Studio Solution File, Format Version 12.00
# Visual Studio Version 17
VisualStudioVersion = 17.6.33723.286
MinimumVisualStudioVersion = 10.0.40219.1
Project("{FAE04EC0-301F-11D3-BF4B-00C04F79EFBC}") = "MovieOpinions", "MovieOpinions\MovieOpinions.csproj", "{8F8A946B-96B0-44C4-B44B-B60D4F35E2FB}"
EndProject
Project("{2150E333-8FDC-42A3-9474-1A3956D46DE8}") = "Domain", "Domain", "{EC4B6B5C-18AD-4880-860A-07F558C8C727}"
EndProject
Project("{FAE04EC0-301F-11D3-BF4B-00C04F79EFBC}") = "MovieOpinions.Domain", "MovieOpinions.Domain\MovieOpinions.Domain.csproj", "{EF919369-0D07-4C56-B83E-EFA5924B53F2}"
EndProject
Global
	GlobalSection(SolutionConfigurationPlatforms) = preSolution
		Debug|Any CPU = Debug|Any CPU
		Release|Any CPU = Release|Any CPU
	EndGlobalSection
	GlobalSection(ProjectConfigurationPlatforms) = postSolution
		{8F8A946B-96B0-44C4-B44B-B60D4F35E2FB}.Debug|Any CPU.ActiveCfg = Debug|Any CPU
		{8F8A946B-96B0-44C4-B44B-B60D4F35E2FB}.Debug|Any CPU.Build.0 = Debug|Any CPU
		{8F8A946B-96B0-44C4-B44B-B60D4F35E2FB}.Release|Any CPU.ActiveCfg = Release|Any CPU
		{8F8A946B-96B0-44C4-B44B-B60D4F35E2FB}.Release|Any CPU.Build.0 = Release|Any CPU
		{EF919369-0D07-4C56-B83E-EFA5924B53F2}.Debug|Any CPU.ActiveCfg = Debug|Any CPU
		{EF919369-0D07-4C56-B83E-EFA5924B53F2}.Debug|Any CPU.Build.0 = Debug|Any CPU
		{EF919369-0D07-4C56-B83E-EFA5924B53F2}.Release|Any CPU.ActiveCfg = Release|Any CPU
		{EF919369-0D07-4C56-B83E-EFA5924B53F2}.Release|Any CPU.Build.0 = Release|Any CPU
	EndGlobalSection
	GlobalSection(SolutionProperties) = preSolution
		HideSolutionNode = FALSE
	EndGlobalSection
	GlobalSection(NestedProjects) = preSolution
		{EF919369-0D07-4C56-B83E-EFA5924B53F2} = {EC4B6B5C-18AD-4880-860A-07F558C8C727}
	EndGlobalSection
	GlobalSection(ExtensibilityGlobals) = postSolution
		SolutionGuid = {08DAD59F-2326-43DF-BD90-8C85E79F77F6}
	EndGlobalSection
EndGlobal
