
Microsoft Visual Studio Solution File, Format Version 12.00
# Visual Studio Version 17
VisualStudioVersion = 17.14.37314.3 d17.14
MinimumVisualStudioVersion = 10.0.40219.1
Project("{FAE04EC0-301F-11D3-BF4B-00C04F79EFBC}") = "Authorization", "Authorization\Authorization.csproj", "{F820DF51-AD6F-4C51-927D-4BFA961A0AE4}"
EndProject
Project("{2150E333-8FDC-42A3-9474-1A3956D46DE8}") = "Authorization.Domain", "Authorization.Domain", "{02EA681E-C7D8-13C7-8484-4AC65E1B71E8}"
EndProject
Project("{FAE04EC0-301F-11D3-BF4B-00C04F79EFBC}") = "Authorization.Domain", "Authorization.Domain\Authorization.Domain.csproj", "{8B7580AA-614F-4C33-BF71-C3572213DD18}"
EndProject
Project("{2150E333-8FDC-42A3-9474-1A3956D46DE8}") = "Authorization.Infrastructure", "Authorization.Infrastructure", "{DA81A31E-DA1D-48DA-AEC3-6247AB3127B3}"
EndProject
Project("{FAE04EC0-301F-11D3-BF4B-00C04F79EFBC}") = "Authorization.Infrastructure", "Authorization.Infrastructure\Authorization.Infrastructure.csproj", "{DC603CA2-9046-4A66-9224-38DA69F0965F}"
EndProject
Project("{2150E333-8FDC-42A3-9474-1A3956D46DE8}") = "Authorization.Application", "Authorization.Application", "{1E585B82-171D-4F71-92C1-77CAE860D843}"
EndProject
Project("{FAE04EC0-301F-11D3-BF4B-00C04F79EFBC}") = "Authorization.Application", "Authorization.Application\Authorization.Application.csproj", "{50C0D5E7-05A4-4AC0-9DAA-6CA1995817DD}"
EndProject
Global
	GlobalSection(SolutionConfigurationPlatforms) = preSolution
		Debug|Any CPU = Debug|Any CPU
		Release|Any CPU = Release|Any CPU
	EndGlobalSection
	GlobalSection(ProjectConfigurationPlatforms) = postSolution
		{F820DF51-AD6F-4C51-927D-4BFA961A0AE4}.Debug|Any CPU.ActiveCfg = Debug|Any CPU
		{F820DF51-AD6F-4C51-927D-4BFA961A0AE4}.Debug|Any CPU.Build.0 = Debug|Any CPU
		{F820DF51-AD6F-4C51-927D-4BFA961A0AE4}.Release|Any CPU.ActiveCfg = Release|Any CPU
		{F820DF51-AD6F-4C51-927D-4BFA961A0AE4}.Release|Any CPU.Build.0 = Release|Any CPU
		{8B7580AA-614F-4C33-BF71-C3572213DD18}.Debug|Any CPU.ActiveCfg = Debug|Any CPU
		{8B7580AA-614F-4C33-BF71-C3572213DD18}.Debug|Any CPU.Build.0 = Debug|Any CPU
		{8B7580AA-614F-4C33-BF71-C3572213DD18}.Release|Any CPU.ActiveCfg = Release|Any CPU
		{8B7580AA-614F-4C33-BF71-C3572213DD18}.Release|Any CPU.Build.0 = Release|Any CPU
		{DC603CA2-9046-4A66-9224-38DA69F0965F}.Debug|Any CPU.ActiveCfg = Debug|Any CPU
		{DC603CA2-9046-4A66-9224-38DA69F0965F}.Debug|Any CPU.Build.0 = Debug|Any CPU
		{DC603CA2-9046-4A66-9224-38DA69F0965F}.Release|Any CPU.ActiveCfg = Release|Any CPU
		{DC603CA2-9046-4A66-9224-38DA69F0965F}.Release|Any CPU.Build.0 = Release|Any CPU
		{50C0D5E7-05A4-4AC0-9DAA-6CA1995817DD}.Debug|Any CPU.ActiveCfg = Debug|Any CPU
		{50C0D5E7-05A4-4AC0-9DAA-6CA1995817DD}.Debug|Any CPU.Build.0 = Debug|Any CPU
		{50C0D5E7-05A4-4AC0-9DAA-6CA1995817DD}.Release|Any CPU.ActiveCfg = Release|Any CPU
		{50C0D5E7-05A4-4AC0-9DAA-6CA1995817DD}.Release|Any CPU.Build.0 = Release|Any CPU
	EndGlobalSection
	GlobalSection(SolutionProperties) = preSolution
		HideSolutionNode = FALSE
	EndGlobalSection
	GlobalSection(NestedProjects) = preSolution
		{8B7580AA-614F-4C33-BF71-C3572213DD18} = {02EA681E-C7D8-13C7-8484-4AC65E1B71E8}
		{DC603CA2-9046-4A66-9224-38DA69F0965F} = {DA81A31E-DA1D-48DA-AEC3-6247AB3127B3}
		{50C0D5E7-05A4-4AC0-9DAA-6CA1995817DD} = {1E585B82-171D-4F71-92C1-77CAE860D843}
	EndGlobalSection
	GlobalSection(ExtensibilityGlobals) = postSolution
		SolutionGuid = {75157297-56DA-4E26-BC76-5A3A82683148}
	EndGlobalSection
EndGlobal
