
Microsoft Visual Studio Solution File, Format Version 12.00
# Visual Studio Version 17
VisualStudioVersion = 17.14.37516.0 d17.14
MinimumVisualStudioVersion = 10.0.40219.1
Project("{FAE04EC0-301F-11D3-BF4B-00C04F79EFBC}") = "Authorization.Domain.UnitTests", "Authorization.Domain.UnitTests\Authorization.Domain.UnitTests.csproj", "{3A18A6A3-253E-427A-8B0B-00E792A10AFC}"
EndProject
Global
	GlobalSection(SolutionConfigurationPlatforms) = preSolution
		Debug|Any CPU = Debug|Any CPU
		Release|Any CPU = Release|Any CPU
	EndGlobalSection
	GlobalSection(ProjectConfigurationPlatforms) = postSolution
		{3A18A6A3-253E-427A-8B0B-00E792A10AFC}.Debug|Any CPU.ActiveCfg = Debug|Any CPU
		{3A18A6A3-253E-427A-8B0B-00E792A10AFC}.Debug|Any CPU.Build.0 = Debug|Any CPU
		{3A18A6A3-253E-427A-8B0B-00E792A10AFC}.Release|Any CPU.ActiveCfg = Release|Any CPU
		{3A18A6A3-253E-427A-8B0B-00E792A10AFC}.Release|Any CPU.Build.0 = Release|Any CPU
	EndGlobalSection
	GlobalSection(SolutionProperties) = preSolution
		HideSolutionNode = FALSE
	EndGlobalSection
	GlobalSection(ExtensibilityGlobals) = postSolution
		SolutionGuid = {D827EC45-0064-4857-A424-159B7C8C433F}
	EndGlobalSection
EndGlobal
