
Microsoft Visual Studio Solution File, Format Version 12.00
# Visual Studio Version 17
VisualStudioVersion = 17.14.37314.3 d17.14
MinimumVisualStudioVersion = 10.0.40219.1
Project("{FAE04EC0-301F-11D3-BF4B-00C04F79EFBC}") = "Authorization.Domain.UnitTests", "Authorization.Domain.UnitTests\Authorization.Domain.UnitTests.csproj", "{FB8412D0-BD29-4EC5-BC90-A661400C6CE3}"
EndProject
Global
	GlobalSection(SolutionConfigurationPlatforms) = preSolution
		Debug|Any CPU = Debug|Any CPU
		Release|Any CPU = Release|Any CPU
	EndGlobalSection
	GlobalSection(ProjectConfigurationPlatforms) = postSolution
		{FB8412D0-BD29-4EC5-BC90-A661400C6CE3}.Debug|Any CPU.ActiveCfg = Debug|Any CPU
		{FB8412D0-BD29-4EC5-BC90-A661400C6CE3}.Debug|Any CPU.Build.0 = Debug|Any CPU
		{FB8412D0-BD29-4EC5-BC90-A661400C6CE3}.Release|Any CPU.ActiveCfg = Release|Any CPU
		{FB8412D0-BD29-4EC5-BC90-A661400C6CE3}.Release|Any CPU.Build.0 = Release|Any CPU
	EndGlobalSection
	GlobalSection(SolutionProperties) = preSolution
		HideSolutionNode = FALSE
	EndGlobalSection
	GlobalSection(ExtensibilityGlobals) = postSolution
		SolutionGuid = {109D2A45-D436-473E-A463-6823F084D28A}
	EndGlobalSection
EndGlobal
